# This file is generated by running "yarn install" inside your project.
# Manual changes might be lost - proceed with caution!

__metadata:
  version: 8
  cacheKey: 10c0

"@emnapi/core@npm:^1.5.0":
  version: 1.7.1
  resolution: "@emnapi/core@npm:1.7.1"
  dependencies:
    "@emnapi/wasi-threads": "npm:1.1.0"
    tslib: "npm:^2.4.0"
  checksum: 10c0/f3740be23440b439333e3ae3832163f60c96c4e35337f3220ceba88f36ee89a57a871d27c94eb7a9ff98a09911ed9a2089e477ab549f4d30029f8b907f84a351
  languageName: node
  linkType: hard

"@emnapi/runtime@npm:^1.5.0":
  version: 1.7.1
  resolution: "@emnapi/runtime@npm:1.7.1"
  dependencies:
    tslib: "npm:^2.4.0"
  checksum: 10c0/26b851cd3e93877d8732a985a2ebf5152325bbacc6204ef5336a47359dedcc23faeb08cdfcb8bb389b5401b3e894b882bc1a1e55b4b7c1ed1e67c991a760ddd5
  languageName: node
  linkType: hard

"@emnapi/wasi-threads@npm:1.1.0":
  version: 1.1.0
  resolution: "@emnapi/wasi-threads@npm:1.1.0"
  dependencies:
    tslib: "npm:^2.4.0"
  checksum: 10c0/e6d54bf2b1e64cdd83d2916411e44e579b6ae35d5def0dea61a3c452d9921373044dff32a8b8473ae60c80692bdc39323e98b96a3f3d87ba6886b24dd0ef7ca1
  languageName: node
  linkType: hard

"@module-federation/error-codes@npm:0.21.6":
  version: 0.21.6
  resolution: "@module-federation/error-codes@npm:0.21.6"
  checksum: 10c0/365ca6350fac7882e86730dec34bd62871161638850727604a8a7b30ac3479a62d95a9e6ee39faa6f8dfc57a960fd91274df325fbda12bbbdd554a4258d8ed7d
  languageName: node
  linkType: hard

"@module-federation/runtime-core@npm:0.21.6":
  version: 0.21.6
  resolution: "@module-federation/runtime-core@npm:0.21.6"
  dependencies:
    "@module-federation/error-codes": "npm:0.21.6"
    "@module-federation/sdk": "npm:0.21.6"
  checksum: 10c0/df986606a9f6b0f56cc9c261d497c852a1dba0e6817be5b9150db3a3d205242a6a0fedb0ad247aaa9bfb489aaeb3d58adcc7db44f4a3205cf20c5a8035e974f8
  languageName: node
  linkType: hard

"@module-federation/runtime-tools@npm:0.21.6":
  version: 0.21.6
  resolution: "@module-federation/runtime-tools@npm:0.21.6"
  dependencies:
    "@module-federation/runtime": "npm:0.21.6"
    "@module-federation/webpack-bundler-runtime": "npm:0.21.6"
  checksum: 10c0/4cb9fa9dcde2101359ade4bdeb2e80c19c65f0ae265ad3877edfae2117f4b1e908e8d76d44ce5ae61d32ce73e7bf4238e24e4ad67115d64c994dbe169dc96b05
  languageName: node
  linkType: hard

"@module-federation/runtime@npm:0.21.6":
  version: 0.21.6
  resolution: "@module-federation/runtime@npm:0.21.6"
  dependencies:
    "@module-federation/error-codes": "npm:0.21.6"
    "@module-federation/runtime-core": "npm:0.21.6"
    "@module-federation/sdk": "npm:0.21.6"
  checksum: 10c0/76596433cd914021cdeacefd461303f08c8daeb002d6c13659ce4e3d10f36873ce3a89edca432074b7484e2f5597e53d619ba425b11656b212e3d3ce775b8fb8
  languageName: node
  linkType: hard

"@module-federation/sdk@npm:0.21.6":
  version: 0.21.6
  resolution: "@module-federation/sdk@npm:0.21.6"
  checksum: 10c0/54f33fb48e1f3db09e03b529af9f28fcd8007c4dbd8b197cb0691c392f3eb143961c526e1ecd400f1d652451976a378da962edbb961f5859f33f56edda527f88
  languageName: node
  linkType: hard

"@module-federation/webpack-bundler-runtime@npm:0.21.6":
  version: 0.21.6
  resolution: "@module-federation/webpack-bundler-runtime@npm:0.21.6"
  dependencies:
    "@module-federation/runtime": "npm:0.21.6"
    "@module-federation/sdk": "npm:0.21.6"
  checksum: 10c0/0767ace8f5002d2bcc4ace9fca25440b95f980980fcba3ffd9da1c8452ec608dc2cc8c79a6a49d259b1fa548134ad2e2e6e89d0ae42e41b4e7be047755996daf
  languageName: node
  linkType: hard

"@napi-rs/wasm-runtime@npm:1.0.7":
  version: 1.0.7
  resolution: "@napi-rs/wasm-runtime@npm:1.0.7"
  dependencies:
    "@emnapi/core": "npm:^1.5.0"
    "@emnapi/runtime": "npm:^1.5.0"
    "@tybys/wasm-util": "npm:^0.10.1"
  checksum: 10c0/2d8635498136abb49d6dbf7395b78c63422292240963bf055f307b77aeafbde57ae2c0ceaaef215601531b36d6eb92a2cdd6f5ba90ed2aa8127c27aff9c4ae55
  languageName: node
  linkType: hard

"@rsbuild/core@npm:^1.6.14":
  version: 1.6.15
  resolution: "@rsbuild/core@npm:1.6.15"
  dependencies:
    "@rspack/core": "npm:1.6.8"
    "@rspack/lite-tapable": "npm:~1.1.0"
    "@swc/helpers": "npm:^0.5.17"
    core-js: "npm:~3.47.0"
    jiti: "npm:^2.6.1"
  bin:
    rsbuild: bin/rsbuild.js
  checksum: 10c0/cdbea36ce5f628165b0d6353f06ac73c3146e66ba88416d17ba6304c1b1c762e2634513a2ef44bf538e01c96a81a37ddfd4743ce34e1a0651b55c173c4272f71
  languageName: node
  linkType: hard

"@rsbuild/plugin-react@npm:^1.4.2":
  version: 1.4.2
  resolution: "@rsbuild/plugin-react@npm:1.4.2"
  dependencies:
    "@rspack/plugin-react-refresh": "npm:^1.5.2"
    react-refresh: "npm:^0.18.0"
  peerDependencies:
    "@rsbuild/core": 1.x
  checksum: 10c0/795de7ee04d96aa976102d7a64b3888cca1285fe58d1ec688cf8a7b577aee0334e246ddacbbc2ceff8cedf8f219338a1271a0ffec4334c146dbadfa213daf6ff
  languageName: node
  linkType: hard

"@rspack/binding-darwin-arm64@npm:1.6.8":
  version: 1.6.8
  resolution: "@rspack/binding-darwin-arm64@npm:1.6.8"
  conditions: os=darwin & cpu=arm64
  languageName: node
  linkType: hard

"@rspack/binding-darwin-x64@npm:1.6.8":
  version: 1.6.8
  resolution: "@rspack/binding-darwin-x64@npm:1.6.8"
  conditions: os=darwin & cpu=x64
  languageName: node
  linkType: hard

"@rspack/binding-linux-arm64-gnu@npm:1.6.8":
  version: 1.6.8
  resolution: "@rspack/binding-linux-arm64-gnu@npm:1.6.8"
  conditions: os=linux & cpu=arm64 & libc=glibc
  languageName: node
  linkType: hard

"@rspack/binding-linux-arm64-musl@npm:1.6.8":
  version: 1.6.8
  resolution: "@rspack/binding-linux-arm64-musl@npm:1.6.8"
  conditions: os=linux & cpu=arm64 & libc=musl
  languageName: node
  linkType: hard

"@rspack/binding-linux-x64-gnu@npm:1.6.8":
  version: 1.6.8
  resolution: "@rspack/binding-linux-x64-gnu@npm:1.6.8"
  conditions: os=linux & cpu=x64 & libc=glibc
  languageName: node
  linkType: hard

"@rspack/binding-linux-x64-musl@npm:1.6.8":
  version: 1.6.8
  resolution: "@rspack/binding-linux-x64-musl@npm:1.6.8"
  conditions: os=linux & cpu=x64 & libc=musl
  languageName: node
  linkType: hard

"@rspack/binding-wasm32-wasi@npm:1.6.8":
  version: 1.6.8
  resolution: "@rspack/binding-wasm32-wasi@npm:1.6.8"
  dependencies:
    "@napi-rs/wasm-runtime": "npm:1.0.7"
  conditions: cpu=wasm32
  languageName: node
  linkType: hard

"@rspack/binding-win32-arm64-msvc@npm:1.6.8":
  version: 1.6.8
  resolution: "@rspack/binding-win32-arm64-msvc@npm:1.6.8"
  conditions: os=win32 & cpu=arm64
  languageName: node
  linkType: hard

"@rspack/binding-win32-ia32-msvc@npm:1.6.8":
  version: 1.6.8
  resolution: "@rspack/binding-win32-ia32-msvc@npm:1.6.8"
  conditions: os=win32 & cpu=ia32
  languageName: node
  linkType: hard

"@rspack/binding-win32-x64-msvc@npm:1.6.8":
  version: 1.6.8
  resolution: "@rspack/binding-win32-x64-msvc@npm:1.6.8"
  conditions: os=win32 & cpu=x64
  languageName: node
  linkType: hard

"@rspack/binding@npm:1.6.8":
  version: 1.6.8
  resolution: "@rspack/binding@npm:1.6.8"
  dependencies:
    "@rspack/binding-darwin-arm64": "npm:1.6.8"
    "@rspack/binding-darwin-x64": "npm:1.6.8"
    "@rspack/binding-linux-arm64-gnu": "npm:1.6.8"
    "@rspack/binding-linux-arm64-musl": "npm:1.6.8"
    "@rspack/binding-linux-x64-gnu": "npm:1.6.8"
    "@rspack/binding-linux-x64-musl": "npm:1.6.8"
    "@rspack/binding-wasm32-wasi": "npm:1.6.8"
    "@rspack/binding-win32-arm64-msvc": "npm:1.6.8"
    "@rspack/binding-win32-ia32-msvc": "npm:1.6.8"
    "@rspack/binding-win32-x64-msvc": "npm:1.6.8"
  dependenciesMeta:
    "@rspack/binding-darwin-arm64":
      optional: true
    "@rspack/binding-darwin-x64":
      optional: true
    "@rspack/binding-linux-arm64-gnu":
      optional: true
    "@rspack/binding-linux-arm64-musl":
      optional: true
    "@rspack/binding-linux-x64-gnu":
      optional: true
    "@rspack/binding-linux-x64-musl":
      optional: true
    "@rspack/binding-wasm32-wasi":
      optional: true
    "@rspack/binding-win32-arm64-msvc":
      optional: true
    "@rspack/binding-win32-ia32-msvc":
      optional: true
    "@rspack/binding-win32-x64-msvc":
      optional: true
  checksum: 10c0/b956421c4a162b58bfbf217e5fe6458ef20853363dbc21e873dd4239604c89885f29adaa5c1bdd0dd2cd8f3b57a302e9ec1e8fe9d66c4107b771dace78881417
  languageName: node
  linkType: hard

"@rspack/core@npm:1.6.8":
  version: 1.6.8
  resolution: "@rspack/core@npm:1.6.8"
  dependencies:
    "@module-federation/runtime-tools": "npm:0.21.6"
    "@rspack/binding": "npm:1.6.8"
    "@rspack/lite-tapable": "npm:1.1.0"
  peerDependencies:
    "@swc/helpers": ">=0.5.1"
  peerDependenciesMeta:
    "@swc/helpers":
      optional: true
  checksum: 10c0/e6f3405ac8b4e2f13b02feb507cb8cf133950dd2dc89c6fc8d0f80eeaaea900bb2788c71abd7209b0c0f6d5a9b19bd1a6b36a6ba233f2e9ceb53d24e00c925e8
  languageName: node
  linkType: hard

"@rspack/lite-tapable@npm:1.1.0, @rspack/lite-tapable@npm:~1.1.0":
  version: 1.1.0
  resolution: "@rspack/lite-tapable@npm:1.1.0"
  checksum: 10c0/15059d1da73192b150339ceba3142a2d0073fa298dad9a497cc8c6037c597c3a982ed4c88dc50afa7b70d0757df1b47af7ae407cfe8acd31d333d524b84a7a4b
  languageName: node
  linkType: hard

"@rspack/plugin-react-refresh@npm:^1.5.2":
  version: 1.5.3
  resolution: "@rspack/plugin-react-refresh@npm:1.5.3"
  dependencies:
    error-stack-parser: "npm:^2.1.4"
    html-entities: "npm:^2.6.0"
  peerDependencies:
    react-refresh: ">=0.10.0 <1.0.0"
    webpack-hot-middleware: 2.x
  peerDependenciesMeta:
    webpack-hot-middleware:
      optional: true
  checksum: 10c0/e876a4a07b737f070e6d19137419441c82c7245e7877e9e9009df0c4fd7b12e68e707037575361a2658d319294fa0dfa6bd9ab49c31f5ddca3c582283df69bfd
  languageName: node
  linkType: hard

"@swc/helpers@npm:^0.5.17":
  version: 0.5.18
  resolution: "@swc/helpers@npm:0.5.18"
  dependencies:
    tslib: "npm:^2.8.0"
  checksum: 10c0/cb32d72e32f775c30287bffbcf61c89ea3a963608cb3a4a675a3f9af545b8b3ab0bc9930432a5520a7307daaa87538158e253584ae1cf39f3e7e6e83408a2d51
  languageName: node
  linkType: hard

"@tybys/wasm-util@npm:^0.10.1":
  version: 0.10.1
  resolution: "@tybys/wasm-util@npm:0.10.1"
  dependencies:
    tslib: "npm:^2.4.0"
  checksum: 10c0/b255094f293794c6d2289300c5fbcafbb5532a3aed3a5ffd2f8dc1828e639b88d75f6a376dd8f94347a44813fd7a7149d8463477a9a49525c8b2dcaa38c2d1e8
  languageName: node
  linkType: hard

"core-js@npm:~3.47.0":
  version: 3.47.0
  resolution: "core-js@npm:3.47.0"
  checksum: 10c0/9b1a7088b7c660c7b8f1d4c90bb1816a8d5352ebdcb7bc742e3a0e4eb803316b5aa17bacb8769522342196351a5430178f46914644f2bfdb94ce0ced3c7fd523
  languageName: node
  linkType: hard

"error-stack-parser@npm:^2.1.4":
  version: 2.1.4
  resolution: "error-stack-parser@npm:2.1.4"
  dependencies:
    stackframe: "npm:^1.3.4"
  checksum: 10c0/7679b780043c98b01fc546725484e0cfd3071bf5c906bbe358722972f04abf4fc3f0a77988017665bab367f6ef3fc2d0185f7528f45966b83e7c99c02d5509b9
  languageName: node
  linkType: hard

"game-2048@workspace:.":
  version: 0.0.0-use.local
  resolution: "game-2048@workspace:."
  dependencies:
    "@rsbuild/core": "npm:^1.6.14"
    "@rsbuild/plugin-react": "npm:^1.4.2"
    react: "npm:^19.2.3"
    react-dom: "npm:^19.2.3"
  languageName: unknown
  linkType: soft

"html-entities@npm:^2.6.0":
  version: 2.6.0
  resolution: "html-entities@npm:2.6.0"
  checksum: 10c0/7c8b15d9ea0cd00dc9279f61bab002ba6ca8a7a0f3c36ed2db3530a67a9621c017830d1d2c1c65beb9b8e3436ea663e9cf8b230472e0e413359399413b27c8b7
  languageName: node
  linkType: hard

"jiti@npm:^2.6.1":
  version: 2.6.1
  resolution: "jiti@npm:2.6.1"
  bin:
    jiti: lib/jiti-cli.mjs
  checksum: 10c0/79b2e96a8e623f66c1b703b98ec1b8be4500e1d217e09b09e343471bbb9c105381b83edbb979d01cef18318cc45ce6e153571b6c83122170eefa531c64b6789b
  languageName: node
  linkType: hard

"react-dom@npm:^19.2.3":
  version: 19.2.3
  resolution: "react-dom@npm:19.2.3"
  dependencies:
    scheduler: "npm:^0.27.0"
  peerDependencies:
    react: ^19.2.3
  checksum: 10c0/dc43f7ede06f46f3acc16ee83107c925530de9b91d1d0b3824583814746ff4c498ea64fd65cd83aba363205268adff52e2827c582634ae7b15069deaeabc4892
  languageName: node
  linkType: hard

"react-refresh@npm:^0.18.0":
  version: 0.18.0
  resolution: "react-refresh@npm:0.18.0"
  checksum: 10c0/34a262f7fd803433a534f50deb27a148112a81adcae440c7d1cbae7ef14d21ea8f2b3d783e858cb7698968183b77755a38b4d4b5b1d79b4f4689c2f6d358fff2
  languageName: node
  linkType: hard

"react@npm:^19.2.3":
  version: 19.2.3
  resolution: "react@npm:19.2.3"
  checksum: 10c0/094220b3ba3a76c1b668f972ace1dd15509b157aead1b40391d1c8e657e720c201d9719537375eff08f5e0514748c0319063392a6f000e31303aafc4471f1436
  languageName: node
  linkType: hard

"scheduler@npm:^0.27.0":
  version: 0.27.0
  resolution: "scheduler@npm:0.27.0"
  checksum: 10c0/4f03048cb05a3c8fddc45813052251eca00688f413a3cee236d984a161da28db28ba71bd11e7a3dd02f7af84ab28d39fb311431d3b3772fed557945beb00c452
  languageName: node
  linkType: hard

"stackframe@npm:^1.3.4":
  version: 1.3.4
  resolution: "stackframe@npm:1.3.4"
  checksum: 10c0/18410f7a1e0c5d211a4effa83bdbf24adbe8faa8c34db52e1cd3e89837518c592be60b60d8b7270ac53eeeb8b807cd11b399a41667f6c9abb41059c3ccc8a989
  languageName: node
  linkType: hard

"tslib@npm:^2.4.0, tslib@npm:^2.8.0":
  version: 2.8.1
  resolution: "tslib@npm:2.8.1"
  checksum: 10c0/9c4759110a19c53f992d9aae23aac5ced636e99887b51b9e61def52611732872ff7668757d4e4c61f19691e36f4da981cd9485e869b4a7408d689f6bf1f14e62
  languageName: node
  linkType: hard
